// !$*UTF8*$!
{
	archiveVersion = 1;
	classes = {
	};
	objectVersion = 51;
	objects = {

/* Begin PBXBuildFile section */
		D617326896798EF25CA6C774 /* Pods_ToDoApp.framework in Frameworks */ = {isa = PBXBuildFile; fileRef = 842A4D6AA02A413F88D4D986 /* Pods_ToDoApp.framework */; };
		EB46527A235632AF00F6CBB4 /* AppDelegate.swift in Sources */ = {isa = PBXBuildFile; fileRef = EB465279235632AF00F6CBB4 /* AppDelegate.swift */; };
		EB46527E235632AF00F6CBB4 /* ToDoTableViewController.swift in Sources */ = {isa = PBXBuildFile; fileRef = EB46527D235632AF00F6CBB4 /* ToDoTableViewController.swift */; };
		EB465281235632AF00F6CBB4 /* Main.storyboard in Resources */ = {isa = PBXBuildFile; fileRef = EB46527F235632AF00F6CBB4 /* Main.storyboard */; };
		EB465283235632B000F6CBB4 /* Assets.xcassets in Resources */ = {isa = PBXBuildFile; fileRef = EB465282235632B000F6CBB4 /* Assets.xcassets */; };
		EB465286235632B000F6CBB4 /* LaunchScreen.storyboard in Resources */ = {isa = PBXBuildFile; fileRef = EB465284235632B000F6CBB4 /* LaunchScreen.storyboard */; };
		EB46528E2356388400F6CBB4 /* ToDoEditViewController.swift in Sources */ = {isa = PBXBuildFile; fileRef = EB46528D2356388400F6CBB4 /* ToDoEditViewController.swift */; };
		EB46529223563A6E00F6CBB4 /* ToDoItem.swift in Sources */ = {isa = PBXBuildFile; fileRef = EB46529123563A6E00F6CBB4 /* ToDoItem.swift */; };
		EB46529423563AF500F6CBB4 /* RealmManager.swift in Sources */ = {isa = PBXBuildFile; fileRef = EB46529323563AF500F6CBB4 /* RealmManager.swift */; };
		EBB69B6B2356E6A1003DC45B /* ToDoItemsViewModel.swift in Sources */ = {isa = PBXBuildFile; fileRef = EBB69B6A2356E6A1003DC45B /* ToDoItemsViewModel.swift */; };
		EBB69B6D2356FA7B003DC45B /* ToDoItemEditViewModel.swift in Sources */ = {isa = PBXBuildFile; fileRef = EBB69B6C2356FA7B003DC45B /* ToDoItemEditViewModel.swift */; };
/* End PBXBuildFile section */

/* Begin PBXFileReference section */
		842A4D6AA02A413F88D4D986 /* Pods_ToDoApp.framework */ = {isa = PBXFileReference; explicitFileType = wrapper.framework; includeInIndex = 0; path = Pods_ToDoApp.framework; sourceTree = BUILT_PRODUCTS_DIR; };
		8E5C56A9EAFD485A6001B864 /* Pods-ToDoApp.debug.xcconfig */ = {isa = PBXFileReference; includeInIndex = 1; lastKnownFileType = text.xcconfig; name = "Pods-ToDoApp.debug.xcconfig"; path = "Target Support Files/Pods-ToDoApp/Pods-ToDoApp.debug.xcconfig"; sourceTree = "<group>"; };
		D390A67A96012D698BD5EFF6 /* Pods-ToDoApp.release.xcconfig */ = {isa = PBXFileReference; includeInIndex = 1; lastKnownFileType = text.xcconfig; name = "Pods-ToDoApp.release.xcconfig"; path = "Target Support Files/Pods-ToDoApp/Pods-ToDoApp.release.xcconfig"; sourceTree = "<group>"; };
		EB465276235632AF00F6CBB4 /* ToDoApp.app */ = {isa = PBXFileReference; explicitFileType = wrapper.application; includeInIndex = 0; path = ToDoApp.app; sourceTree = BUILT_PRODUCTS_DIR; };
		EB465279235632AF00F6CBB4 /* AppDelegate.swift */ = {isa = PBXFileReference; lastKnownFileType = sourcecode.swift; path = AppDelegate.swift; sourceTree = "<group>"; };
		EB46527D235632AF00F6CBB4 /* ToDoTableViewController.swift */ = {isa = PBXFileReference; lastKnownFileType = sourcecode.swift; path = ToDoTableViewController.swift; sourceTree = "<group>"; };
		EB465280235632AF00F6CBB4 /* Base */ = {isa = PBXFileReference; lastKnownFileType = file.storyboard; name = Base; path = Base.lproj/Main.storyboard; sourceTree = "<group>"; };
		EB465282235632B000F6CBB4 /* Assets.xcassets */ = {isa = PBXFileReference; lastKnownFileType = folder.assetcatalog; path = Assets.xcassets; sourceTree = "<group>"; };
		EB465285235632B000F6CBB4 /* Base */ = {isa = PBXFileReference; lastKnownFileType = file.storyboard; name = Base; path = Base.lproj/LaunchScreen.storyboard; sourceTree = "<group>"; };
		EB465287235632B000F6CBB4 /* Info.plist */ = {isa = PBXFileReference; lastKnownFileType = text.plist.xml; path = Info.plist; sourceTree = "<group>"; };
		EB46528D2356388400F6CBB4 /* ToDoEditViewController.swift */ = {isa = PBXFileReference; lastKnownFileType = sourcecode.swift; path = ToDoEditViewController.swift; sourceTree = "<group>"; };
		EB46529123563A6E00F6CBB4 /* ToDoItem.swift */ = {isa = PBXFileReference; lastKnownFileType = sourcecode.swift; path = ToDoItem.swift; sourceTree = "<group>"; };
		EB46529323563AF500F6CBB4 /* RealmManager.swift */ = {isa = PBXFileReference; lastKnownFileType = sourcecode.swift; path = RealmManager.swift; sourceTree = "<group>"; };
		EBB69B6A2356E6A1003DC45B /* ToDoItemsViewModel.swift */ = {isa = PBXFileReference; lastKnownFileType = sourcecode.swift; path = ToDoItemsViewModel.swift; sourceTree = "<group>"; };
		EBB69B6C2356FA7B003DC45B /* ToDoItemEditViewModel.swift */ = {isa = PBXFileReference; lastKnownFileType = sourcecode.swift; path = ToDoItemEditViewModel.swift; sourceTree = "<group>"; };
/* End PBXFileReference section */

/* Begin PBXFrameworksBuildPhase section */
		EB465273235632AF00F6CBB4 /* Frameworks */ = {
			isa = PBXFrameworksBuildPhase;
			buildActionMask = 2147483647;
			files = (
				D617326896798EF25CA6C774 /* Pods_ToDoApp.framework in Frameworks */,
			);
			runOnlyForDeploymentPostprocessing = 0;
		};
/* End PBXFrameworksBuildPhase section */

/* Begin PBXGroup section */
		A610DA2CD4E6DE6EDD99393C /* Frameworks */ = {
			isa = PBXGroup;
			children = (
				842A4D6AA02A413F88D4D986 /* Pods_ToDoApp.framework */,
			);
			name = Frameworks;
			sourceTree = "<group>";
		};
		EB30C08F2358C0B400397160 /* Database */ = {
			isa = PBXGroup;
			children = (
				EB46529323563AF500F6CBB4 /* RealmManager.swift */,
			);
			path = Database;
			sourceTree = "<group>";
		};
		EB30C0902358C0BA00397160 /* ViewModels */ = {
			isa = PBXGroup;
			children = (
				EBB69B6A2356E6A1003DC45B /* ToDoItemsViewModel.swift */,
				EBB69B6C2356FA7B003DC45B /* ToDoItemEditViewModel.swift */,
			);
			path = ViewModels;
			sourceTree = "<group>";
		};
		EB46526D235632AF00F6CBB4 = {
			isa = PBXGroup;
			children = (
				EB465278235632AF00F6CBB4 /* ToDoApp */,
				EB465277235632AF00F6CBB4 /* Products */,
				F6DF7DE543FE10CDABCB5CA1 /* Pods */,
				A610DA2CD4E6DE6EDD99393C /* Frameworks */,
			);
			sourceTree = "<group>";
		};
		EB465277235632AF00F6CBB4 /* Products */ = {
			isa = PBXGroup;
			children = (
				EB465276235632AF00F6CBB4 /* ToDoApp.app */,
			);
			name = Products;
			sourceTree = "<group>";
		};
		EB465278235632AF00F6CBB4 /* ToDoApp */ = {
			isa = PBXGroup;
			children = (
				EB465279235632AF00F6CBB4 /* AppDelegate.swift */,
				EB30C08F2358C0B400397160 /* Database */,
				EB30C0902358C0BA00397160 /* ViewModels */,
				EB46529023563A5600F6CBB4 /* Models */,
				EB46528F23563A4B00F6CBB4 /* Views */,
				EB46527F235632AF00F6CBB4 /* Main.storyboard */,
				EB465282235632B000F6CBB4 /* Assets.xcassets */,
				EB465284235632B000F6CBB4 /* LaunchScreen.storyboard */,
				EB465287235632B000F6CBB4 /* Info.plist */,
			);
			path = ToDoApp;
			sourceTree = "<group>";
		};
		EB46528F23563A4B00F6CBB4 /* Views */ = {
			isa = PBXGroup;
			children = (
				EB46527D235632AF00F6CBB4 /* ToDoTableViewController.swift */,
				EB46528D2356388400F6CBB4 /* ToDoEditViewController.swift */,
			);
			path = Views;
			sourceTree = "<group>";
		};
		EB46529023563A5600F6CBB4 /* Models */ = {
			isa = PBXGroup;
			children = (
				EB46529123563A6E00F6CBB4 /* ToDoItem.swift */,
			);
			path = Models;
			sourceTree = "<group>";
		};
		F6DF7DE543FE10CDABCB5CA1 /* Pods */ = {
			isa = PBXGroup;
			children = (
				8E5C56A9EAFD485A6001B864 /* Pods-ToDoApp.debug.xcconfig */,
				D390A67A96012D698BD5EFF6 /* Pods-ToDoApp.release.xcconfig */,
			);
			path = Pods;
			sourceTree = "<group>";
		};
/* End PBXGroup section */

/* Begin PBXNativeTarget section */
		EB465275235632AF00F6CBB4 /* ToDoApp */ = {
			isa = PBXNativeTarget;
			buildConfigurationList = EB46528A235632B000F6CBB4 /* Build configuration list for PBXNativeTarget "ToDoApp" */;
			buildPhases = (
				2B26A5FA54464EB9D1A7C55A /* [CP] Check Pods Manifest.lock */,
				EB465272235632AF00F6CBB4 /* Sources */,
				EB465273235632AF00F6CBB4 /* Frameworks */,
				EB465274235632AF00F6CBB4 /* Resources */,
				85C9293125980CACEEFCB4A3 /* [CP] Embed Pods Frameworks */,
			);
			buildRules = (
			);
			dependencies = (
			);
			name = ToDoApp;
			productName = ToDoApp;
			productReference = EB465276235632AF00F6CBB4 /* ToDoApp.app */;
			productType = "com.apple.product-type.application";
		};
/* End PBXNativeTarget section */

/* Begin PBXProject section */
		EB46526E235632AF00F6CBB4 /* Project object */ = {
			isa = PBXProject;
			attributes = {
				LastSwiftUpdateCheck = 1110;
				LastUpgradeCheck = 1110;
				ORGANIZATIONNAME = "Ulaş Sancak";
				TargetAttributes = {
					EB465275235632AF00F6CBB4 = {
						CreatedOnToolsVersion = 11.1;
					};
				};
			};
			buildConfigurationList = EB465271235632AF00F6CBB4 /* Build configuration list for PBXProject "ToDoApp" */;
			compatibilityVersion = "Xcode 9.3";
			developmentRegion = en;
			hasScannedForEncodings = 0;
			knownRegions = (
				en,
				Base,
			);
			mainGroup = EB46526D235632AF00F6CBB4;
			productRefGroup = EB465277235632AF00F6CBB4 /* Products */;
			projectDirPath = "";
			projectRoot = "";
			targets = (
				EB465275235632AF00F6CBB4 /* ToDoApp */,
			);
		};
/* End PBXProject section */

/* Begin PBXResourcesBuildPhase section */
		EB465274235632AF00F6CBB4 /* Resources */ = {
			isa = PBXResourcesBuildPhase;
			buildActionMask = 2147483647;
			files = (
				EB465286235632B000F6CBB4 /* LaunchScreen.storyboard in Resources */,
				EB465283235632B000F6CBB4 /* Assets.xcassets in Resources */,
				EB465281235632AF00F6CBB4 /* Main.storyboard in Resources */,
			);
			runOnlyForDeploymentPostprocessing = 0;
		};
/* End PBXResourcesBuildPhase section */

/* Begin PBXShellScriptBuildPhase section */
		2B26A5FA54464EB9D1A7C55A /* [CP] Check Pods Manifest.lock */ = {
			isa = PBXShellScriptBuildPhase;
			buildActionMask = 2147483647;
			files = (
			);
			inputFileListPaths = (
			);
			inputPaths = (
				"${PODS_PODFILE_DIR_PATH}/Podfile.lock",
				"${PODS_ROOT}/Manifest.lock",
			);
			name = "[CP] Check Pods Manifest.lock";
			outputFileListPaths = (
			);
			outputPaths = (
				"$(DERIVED_FILE_DIR)/Pods-ToDoApp-checkManifestLockResult.txt",
			);
			runOnlyForDeploymentPostprocessing = 0;
			shellPath = /bin/sh;
			shellScript = "diff \"${PODS_PODFILE_DIR_PATH}/Podfile.lock\" \"${PODS_ROOT}/Manifest.lock\" > /dev/null\nif [ $? != 0 ] ; then\n    # print error to STDERR\n    echo \"error: The sandbox is not in sync with the Podfile.lock. Run 'pod install' or update your CocoaPods installation.\" >&2\n    exit 1\nfi\n# This output is used by Xcode 'outputs' to avoid re-running this script phase.\necho \"SUCCESS\" > \"${SCRIPT_OUTPUT_FILE_0}\"\n";
			showEnvVarsInLog = 0;
		};
		85C9293125980CACEEFCB4A3 /* [CP] Embed Pods Frameworks */ = {
			isa = PBXShellScriptBuildPhase;
			buildActionMask = 2147483647;
			files = (
			);
			inputFileListPaths = (
				"${PODS_ROOT}/Target Support Files/Pods-ToDoApp/Pods-ToDoApp-frameworks-${CONFIGURATION}-input-files.xcfilelist",
			);
			name = "[CP] Embed Pods Frameworks";
			outputFileListPaths = (
				"${PODS_ROOT}/Target Support Files/Pods-ToDoApp/Pods-ToDoApp-frameworks-${CONFIGURATION}-output-files.xcfilelist",
			);
			runOnlyForDeploymentPostprocessing = 0;
			shellPath = /bin/sh;
			shellScript = "\"${PODS_ROOT}/Target Support Files/Pods-ToDoApp/Pods-ToDoApp-frameworks.sh\"\n";
			showEnvVarsInLog = 0;
		};
/* End PBXShellScriptBuildPhase section */

/* Begin PBXSourcesBuildPhase section */
		EB465272235632AF00F6CBB4 /* Sources */ = {
			isa = PBXSourcesBuildPhase;
			buildActionMask = 2147483647;
			files = (
				EB46527E235632AF00F6CBB4 /* ToDoTableViewController.swift in Sources */,
				EB46527A235632AF00F6CBB4 /* AppDelegate.swift in Sources */,
				EB46529423563AF500F6CBB4 /* RealmManager.swift in Sources */,
				EBB69B6B2356E6A1003DC45B /* ToDoItemsViewModel.swift in Sources */,
				EBB69B6D2356FA7B003DC45B /* ToDoItemEditViewModel.swift in Sources */,
				EB46529223563A6E00F6CBB4 /* ToDoItem.swift in Sources */,
				EB46528E2356388400F6CBB4 /* ToDoEditViewController.swift in Sources */,
			);
			runOnlyForDeploymentPostprocessing = 0;
		};
/* End PBXSourcesBuildPhase section */

/* Begin PBXVariantGroup section */
		EB46527F235632AF00F6CBB4 /* Main.storyboard */ = {
			isa = PBXVariantGroup;
			children = (
				EB465280235632AF00F6CBB4 /* Base */,
			);
			name = Main.storyboard;
			sourceTree = "<group>";
		};
		EB465284235632B000F6CBB4 /* LaunchScreen.storyboard */ = {
			isa = PBXVariantGroup;
			children = (
				EB465285235632B000F6CBB4 /* Base */,
			);
			name = LaunchScreen.storyboard;
			sourceTree = "<group>";
		};
/* End PBXVariantGroup section */

/* Begin XCBuildConfiguration section */
		EB465288235632B000F6CBB4 /* Debug */ = {
			isa = XCBuildConfiguration;
			buildSettings = {
				ALWAYS_SEARCH_USER_PATHS = NO;
				CLANG_ANALYZER_NONNULL = YES;
				CLANG_ANALYZER_NUMBER_OBJECT_CONVERSION = YES_AGGRESSIVE;
				CLANG_CXX_LANGUAGE_STANDARD = "gnu++14";
				CLANG_CXX_LIBRARY = "libc++";
				CLANG_ENABLE_MODULES = YES;
				CLANG_ENABLE_OBJC_ARC = YES;
				CLANG_ENABLE_OBJC_WEAK = YES;
				CLANG_WARN_BLOCK_CAPTURE_AUTORELEASING = YES;
				CLANG_WARN_BOOL_CONVERSION = YES;
				CLANG_WARN_COMMA = YES;
				CLANG_WARN_CONSTANT_CONVERSION = YES;
				CLANG_WARN_DEPRECATED_OBJC_IMPLEMENTATIONS = YES;
				CLANG_WARN_DIRECT_OBJC_ISA_USAGE = YES_ERROR;
				CLANG_WARN_DOCUMENTATION_COMMENTS = YES;
				CLANG_WARN_EMPTY_BODY = YES;
				CLANG_WARN_ENUM_CONVERSION = YES;
				CLANG_WARN_INFINITE_RECURSION = YES;
				CLANG_WARN_INT_CONVERSION = YES;
				CLANG_WARN_NON_LITERAL_NULL_CONVERSION = YES;
				CLANG_WARN_OBJC_IMPLICIT_RETAIN_SELF = YES;
				CLANG_WARN_OBJC_LITERAL_CONVERSION = YES;
				CLANG_WARN_OBJC_ROOT_CLASS = YES_ERROR;
				CLANG_WARN_RANGE_LOOP_ANALYSIS = YES;
				CLANG_WARN_STRICT_PROTOTYPES = YES;
				CLANG_WARN_SUSPICIOUS_MOVE = YES;
				CLANG_WARN_UNGUARDED_AVAILABILITY = YES_AGGRESSIVE;
				CLANG_WARN_UNREACHABLE_CODE = YES;
				CLANG_WARN__DUPLICATE_METHOD_MATCH = YES;
				COPY_PHASE_STRIP = NO;
				DEBUG_INFORMATION_FORMAT = dwarf;
				ENABLE_STRICT_OBJC_MSGSEND = YES;
				ENABLE_TESTABILITY = YES;
				GCC_C_LANGUAGE_STANDARD = gnu11;
				GCC_DYNAMIC_NO_PIC = NO;
				GCC_NO_COMMON_BLOCKS = YES;
				GCC_OPTIMIZATION_LEVEL = 0;
				GCC_PREPROCESSOR_DEFINITIONS = (
					"DEBUG=1",
					"$(inherited)",
				);
				GCC_WARN_64_TO_32_BIT_CONVERSION = YES;
				GCC_WARN_ABOUT_RETURN_TYPE = YES_ERROR;
				GCC_WARN_UNDECLARED_SELECTOR = YES;
				GCC_WARN_UNINITIALIZED_AUTOS = YES_AGGRESSIVE;
				GCC_WARN_UNUSED_FUNCTION = YES;
				GCC_WARN_UNUSED_VARIABLE = YES;
				IPHONEOS_DEPLOYMENT_TARGET = 11.0;
				MTL_ENABLE_DEBUG_INFO = INCLUDE_SOURCE;
				MTL_FAST_MATH = YES;
				ONLY_ACTIVE_ARCH = YES;
				SDKROOT = iphoneos;
				SWIFT_ACTIVE_COMPILATION_CONDITIONS = DEBUG;
				SWIFT_OPTIMIZATION_LEVEL = "-Onone";
			};
			name = Debug;
		};
		EB465289235632B000F6CBB4 /* Release */ = {
			isa = XCBuildConfiguration;
			buildSettings = {
				ALWAYS_SEARCH_USER_PATHS = NO;
				CLANG_ANALYZER_NONNULL = YES;
				CLANG_ANALYZER_NUMBER_OBJECT_CONVERSION = YES_AGGRESSIVE;
				CLANG_CXX_LANGUAGE_STANDARD = "gnu++14";
				CLANG_CXX_LIBRARY = "libc++";
				CLANG_ENABLE_MODULES = YES;
				CLANG_ENABLE_OBJC_ARC = YES;
				CLANG_ENABLE_OBJC_WEAK = YES;
				CLANG_WARN_BLOCK_CAPTURE_AUTORELEASING = YES;
				CLANG_WARN_BOOL_CONVERSION = YES;
				CLANG_WARN_COMMA = YES;
				CLANG_WARN_CONSTANT_CONVERSION = YES;
				CLANG_WARN_DEPRECATED_OBJC_IMPLEMENTATIONS = YES;
				CLANG_WARN_DIRECT_OBJC_ISA_USAGE = YES_ERROR;
				CLANG_WARN_DOCUMENTATION_COMMENTS = YES;
				CLANG_WARN_EMPTY_BODY = YES;
				CLANG_WARN_ENUM_CONVERSION = YES;
				CLANG_WARN_INFINITE_RECURSION = YES;
				CLANG_WARN_INT_CONVERSION = YES;
				CLANG_WARN_NON_LITERAL_NULL_CONVERSION = YES;
				CLANG_WARN_OBJC_IMPLICIT_RETAIN_SELF = YES;
				CLANG_WARN_OBJC_LITERAL_CONVERSION = YES;
				CLANG_WARN_OBJC_ROOT_CLASS = YES_ERROR;
				CLANG_WARN_RANGE_LOOP_ANALYSIS = YES;
				CLANG_WARN_STRICT_PROTOTYPES = YES;
				CLANG_WARN_SUSPICIOUS_MOVE = YES;
				CLANG_WARN_UNGUARDED_AVAILABILITY = YES_AGGRESSIVE;
				CLANG_WARN_UNREACHABLE_CODE = YES;
				CLANG_WARN__DUPLICATE_METHOD_MATCH = YES;
				COPY_PHASE_STRIP = NO;
				DEBUG_INFORMATION_FORMAT = "dwarf-with-dsym";
				ENABLE_NS_ASSERTIONS = NO;
				ENABLE_STRICT_OBJC_MSGSEND = YES;
				GCC_C_LANGUAGE_STANDARD = gnu11;
				GCC_NO_COMMON_BLOCKS = YES;
				GCC_WARN_64_TO_32_BIT_CONVERSION = YES;
				GCC_WARN_ABOUT_RETURN_TYPE = YES_ERROR;
				GCC_WARN_UNDECLARED_SELECTOR = YES;
				GCC_WARN_UNINITIALIZED_AUTOS = YES_AGGRESSIVE;
				GCC_WARN_UNUSED_FUNCTION = YES;
				GCC_WARN_UNUSED_VARIABLE = YES;
				IPHONEOS_DEPLOYMENT_TARGET = 11.0;
				MTL_ENABLE_DEBUG_INFO = NO;
				MTL_FAST_MATH = YES;
				SDKROOT = iphoneos;
				SWIFT_COMPILATION_MODE = wholemodule;
				SWIFT_OPTIMIZATION_LEVEL = "-O";
				VALIDATE_PRODUCT = YES;
			};
			name = Release;
		};
		EB46528B235632B000F6CBB4 /* Debug */ = {
			isa = XCBuildConfiguration;
			baseConfigurationReference = 8E5C56A9EAFD485A6001B864 /* Pods-ToDoApp.debug.xcconfig */;
			buildSettings = {
				ASSETCATALOG_COMPILER_APPICON_NAME = AppIcon;
				CODE_SIGN_STYLE = Automatic;
				DEVELOPMENT_TEAM = 3U82SFTT2K;
				INFOPLIST_FILE = ToDoApp/Info.plist;
				IPHONEOS_DEPLOYMENT_TARGET = 11.0;
				LD_RUNPATH_SEARCH_PATHS = (
					"$(inherited)",
					"@executable_path/Frameworks",
				);
				PRODUCT_BUNDLE_IDENTIFIER = com.ulassancak.todoapp;
				PRODUCT_NAME = "$(TARGET_NAME)";
				SWIFT_VERSION = 5.0;
				TARGETED_DEVICE_FAMILY = 1;
			};
			name = Debug;
		};
		EB46528C235632B000F6CBB4 /* Release */ = {
			isa = XCBuildConfiguration;
			baseConfigurationReference = D390A67A96012D698BD5EFF6 /* Pods-ToDoApp.release.xcconfig */;
			buildSettings = {
				ASSETCATALOG_COMPILER_APPICON_NAME = AppIcon;
				CODE_SIGN_STYLE = Automatic;
				DEVELOPMENT_TEAM = 3U82SFTT2K;
				INFOPLIST_FILE = ToDoApp/Info.plist;
				IPHONEOS_DEPLOYMENT_TARGET = 11.0;
				LD_RUNPATH_SEARCH_PATHS = (
					"$(inherited)",
					"@executable_path/Frameworks",
				);
				PRODUCT_BUNDLE_IDENTIFIER = com.ulassancak.todoapp;
				PRODUCT_NAME = "$(TARGET_NAME)";
				SWIFT_VERSION = 5.0;
				TARGETED_DEVICE_FAMILY = 1;
			};
			name = Release;
		};
/* End XCBuildConfiguration section */

/* Begin XCConfigurationList section */
		EB465271235632AF00F6CBB4 /* Build configuration list for PBXProject "ToDoApp" */ = {
			isa = XCConfigurationList;
			buildConfigurations = (
				EB465288235632B000F6CBB4 /* Debug */,
				EB465289235632B000F6CBB4 /* Release */,
			);
			defaultConfigurationIsVisible = 0;
			defaultConfigurationName = Release;
		};
		EB46528A235632B000F6CBB4 /* Build configuration list for PBXNativeTarget "ToDoApp" */ = {
			isa = XCConfigurationList;
			buildConfigurations = (
				EB46528B235632B000F6CBB4 /* Debug */,
				EB46528C235632B000F6CBB4 /* Release */,
			);
			defaultConfigurationIsVisible = 0;
			defaultConfigurationName = Release;
		};
/* End XCConfigurationList section */
	};
	rootObject = EB46526E235632AF00F6CBB4 /* Project object */;
}
